// !$*UTF8*$!
{
	archiveVersion = 1;
	classes = {
	};
	objectVersion = 50;
	objects = {

/* Begin PBXBuildFile section */
		213EA09F25878F8500AEB68F /* AppDelegate.swift in Sources */ = {isa = PBXBuildFile; fileRef = 213EA09E25878F8500AEB68F /* AppDelegate.swift */; };
		213EA0A125878F8500AEB68F /* SceneDelegate.swift in Sources */ = {isa = PBXBuildFile; fileRef = 213EA0A025878F8500AEB68F /* SceneDelegate.swift */; };
		213EA0A325878F8500AEB68F /* ViewController.swift in Sources */ = {isa = PBXBuildFile; fileRef = 213EA0A225878F8500AEB68F /* ViewController.swift */; };
		213EA0A625878F8500AEB68F /* Main.storyboard in Resources */ = {isa = PBXBuildFile; fileRef = 213EA0A425878F8500AEB68F /* Main.storyboard */; };
		213EA0A825878F8900AEB68F /* Assets.xcassets in Resources */ = {isa = PBXBuildFile; fileRef = 213EA0A725878F8900AEB68F /* Assets.xcassets */; };
		213EA0AB25878F8900AEB68F /* LaunchScreen.storyboard in Resources */ = {isa = PBXBuildFile; fileRef = 213EA0A925878F8900AEB68F /* LaunchScreen.storyboard */; };
		213EA0B625878F8A00AEB68F /* WeatherTests.swift in Sources */ = {isa = PBXBuildFile; fileRef = 213EA0B525878F8A00AEB68F /* WeatherTests.swift */; };
		213EA0C125878F8A00AEB68F /* WeatherUITests.swift in Sources */ = {isa = PBXBuildFile; fileRef = 213EA0C025878F8A00AEB68F /* WeatherUITests.swift */; };
		213EA0D22587A22100AEB68F /* country.json in Resources */ = {isa = PBXBuildFile; fileRef = 213EA0D12587A22100AEB68F /* country.json */; };
		213EA0DA2587A3D700AEB68F /* Country.swift in Sources */ = {isa = PBXBuildFile; fileRef = 213EA0D92587A3D700AEB68F /* Country.swift */; };
		213EA0E22587A51700AEB68F /* AppIcon.png in Resources */ = {isa = PBXBuildFile; fileRef = 213EA0E12587A51700AEB68F /* AppIcon.png */; };
		21D3370E2589350200DD8D0E /* country-cities.json in Resources */ = {isa = PBXBuildFile; fileRef = 21D3370D2589350200DD8D0E /* country-cities.json */; };
/* End PBXBuildFile section */

/* Begin PBXContainerItemProxy section */
		213EA0B225878F8A00AEB68F /* PBXContainerItemProxy */ = {
			isa = PBXContainerItemProxy;
			containerPortal = 213EA09325878F8500AEB68F /* Project object */;
			proxyType = 1;
			remoteGlobalIDString = 213EA09A25878F8500AEB68F;
			remoteInfo = Weather;
		};
		213EA0BD25878F8A00AEB68F /* PBXContainerItemProxy */ = {
			isa = PBXContainerItemProxy;
			containerPortal = 213EA09325878F8500AEB68F /* Project object */;
			proxyType = 1;
			remoteGlobalIDString = 213EA09A25878F8500AEB68F;
			remoteInfo = Weather;
		};
/* End PBXContainerItemProxy section */

/* Begin PBXFileReference section */
		213EA09B25878F8500AEB68F /* Weather.app */ = {isa = PBXFileReference; explicitFileType = wrapper.application; includeInIndex = 0; path = Weather.app; sourceTree = BUILT_PRODUCTS_DIR; };
		213EA09E25878F8500AEB68F /* AppDelegate.swift */ = {isa = PBXFileReference; lastKnownFileType = sourcecode.swift; path = AppDelegate.swift; sourceTree = "<group>"; };
		213EA0A025878F8500AEB68F /* SceneDelegate.swift */ = {isa = PBXFileReference; lastKnownFileType = sourcecode.swift; path = SceneDelegate.swift; sourceTree = "<group>"; };
		213EA0A225878F8500AEB68F /* ViewController.swift */ = {isa = PBXFileReference; lastKnownFileType = sourcecode.swift; path = ViewController.swift; sourceTree = "<group>"; };
		213EA0A525878F8500AEB68F /* Base */ = {isa = PBXFileReference; lastKnownFileType = file.storyboard; name = Base; path = Base.lproj/Main.storyboard; sourceTree = "<group>"; };
		213EA0A725878F8900AEB68F /* Assets.xcassets */ = {isa = PBXFileReference; lastKnownFileType = folder.assetcatalog; path = Assets.xcassets; sourceTree = "<group>"; };
		213EA0AA25878F8900AEB68F /* Base */ = {isa = PBXFileReference; lastKnownFileType = file.storyboard; name = Base; path = Base.lproj/LaunchScreen.storyboard; sourceTree = "<group>"; };
		213EA0AC25878F8900AEB68F /* Info.plist */ = {isa = PBXFileReference; lastKnownFileType = text.plist.xml; path = Info.plist; sourceTree = "<group>"; };
		213EA0B125878F8A00AEB68F /* WeatherTests.xctest */ = {isa = PBXFileReference; explicitFileType = wrapper.cfbundle; includeInIndex = 0; path = WeatherTests.xctest; sourceTree = BUILT_PRODUCTS_DIR; };
		213EA0B525878F8A00AEB68F /* WeatherTests.swift */ = {isa = PBXFileReference; lastKnownFileType = sourcecode.swift; path = WeatherTests.swift; sourceTree = "<group>"; };
		213EA0B725878F8A00AEB68F /* Info.plist */ = {isa = PBXFileReference; lastKnownFileType = text.plist.xml; path = Info.plist; sourceTree = "<group>"; };
		213EA0BC25878F8A00AEB68F /* WeatherUITests.xctest */ = {isa = PBXFileReference; explicitFileType = wrapper.cfbundle; includeInIndex = 0; path = WeatherUITests.xctest; sourceTree = BUILT_PRODUCTS_DIR; };
		213EA0C025878F8A00AEB68F /* WeatherUITests.swift */ = {isa = PBXFileReference; lastKnownFileType = sourcecode.swift; path = WeatherUITests.swift; sourceTree = "<group>"; };
		213EA0C225878F8A00AEB68F /* Info.plist */ = {isa = PBXFileReference; lastKnownFileType = text.plist.xml; path = Info.plist; sourceTree = "<group>"; };
		213EA0D12587A22100AEB68F /* country.json */ = {isa = PBXFileReference; lastKnownFileType = text.json; path = country.json; sourceTree = "<group>"; };
		213EA0D92587A3D700AEB68F /* Country.swift */ = {isa = PBXFileReference; lastKnownFileType = sourcecode.swift; path = Country.swift; sourceTree = "<group>"; };
		213EA0E12587A51700AEB68F /* AppIcon.png */ = {isa = PBXFileReference; lastKnownFileType = image.png; path = AppIcon.png; sourceTree = "<group>"; };
		21D3370D2589350200DD8D0E /* country-cities.json */ = {isa = PBXFileReference; fileEncoding = 4; lastKnownFileType = text.json; path = "country-cities.json"; sourceTree = "<group>"; };
/* End PBXFileReference section */

/* Begin PBXFrameworksBuildPhase section */
		213EA09825878F8500AEB68F /* Frameworks */ = {
			isa = PBXFrameworksBuildPhase;
			buildActionMask = 2147483647;
			files = (
			);
			runOnlyForDeploymentPostprocessing = 0;
		};
		213EA0AE25878F8A00AEB68F /* Frameworks */ = {
			isa = PBXFrameworksBuildPhase;
			buildActionMask = 2147483647;
			files = (
			);
			runOnlyForDeploymentPostprocessing = 0;
		};
		213EA0B925878F8A00AEB68F /* Frameworks */ = {
			isa = PBXFrameworksBuildPhase;
			buildActionMask = 2147483647;
			files = (
			);
			runOnlyForDeploymentPostprocessing = 0;
		};
/* End PBXFrameworksBuildPhase section */

/* Begin PBXGroup section */
		213EA09225878F8500AEB68F = {
			isa = PBXGroup;
			children = (
				213EA09D25878F8500AEB68F /* Weather */,
				213EA0B425878F8A00AEB68F /* WeatherTests */,
				213EA0BF25878F8A00AEB68F /* WeatherUITests */,
				213EA09C25878F8500AEB68F /* Products */,
			);
			sourceTree = "<group>";
		};
		213EA09C25878F8500AEB68F /* Products */ = {
			isa = PBXGroup;
			children = (
				213EA09B25878F8500AEB68F /* Weather.app */,
				213EA0B125878F8A00AEB68F /* WeatherTests.xctest */,
				213EA0BC25878F8A00AEB68F /* WeatherUITests.xctest */,
			);
			name = Products;
			sourceTree = "<group>";
		};
		213EA09D25878F8500AEB68F /* Weather */ = {
			isa = PBXGroup;
			children = (
				213EA0D82587A2A900AEB68F /* Controller */,
				213EA0D72587A29800AEB68F /* View */,
				213EA0D62587A28D00AEB68F /* Model */,
				213EA09E25878F8500AEB68F /* AppDelegate.swift */,
				213EA0A025878F8500AEB68F /* SceneDelegate.swift */,
				213EA0A925878F8900AEB68F /* LaunchScreen.storyboard */,
				213EA0AC25878F8900AEB68F /* Info.plist */,
			);
			path = Weather;
			sourceTree = "<group>";
		};
		213EA0B425878F8A00AEB68F /* WeatherTests */ = {
			isa = PBXGroup;
			children = (
				213EA0B525878F8A00AEB68F /* WeatherTests.swift */,
				213EA0B725878F8A00AEB68F /* Info.plist */,
			);
			path = WeatherTests;
			sourceTree = "<group>";
		};
		213EA0BF25878F8A00AEB68F /* WeatherUITests */ = {
			isa = PBXGroup;
			children = (
				213EA0C025878F8A00AEB68F /* WeatherUITests.swift */,
				213EA0C225878F8A00AEB68F /* Info.plist */,
			);
			path = WeatherUITests;
			sourceTree = "<group>";
		};
		213EA0D62587A28D00AEB68F /* Model */ = {
			isa = PBXGroup;
			children = (
				21D3370D2589350200DD8D0E /* country-cities.json */,
				213EA0D12587A22100AEB68F /* country.json */,
				213EA0D92587A3D700AEB68F /* Country.swift */,
			);
			name = Model;
			path = ..;
			sourceTree = "<group>";
		};
		213EA0D72587A29800AEB68F /* View */ = {
			isa = PBXGroup;
			children = (
				213EA0A725878F8900AEB68F /* Assets.xcassets */,
				213EA0E12587A51700AEB68F /* AppIcon.png */,
				213EA0A425878F8500AEB68F /* Main.storyboard */,
			);
			name = View;
			path = ..;
			sourceTree = "<group>";
		};
		213EA0D82587A2A900AEB68F /* Controller */ = {
			isa = PBXGroup;
			children = (
				213EA0A225878F8500AEB68F /* ViewController.swift */,
			);
			name = Controller;
			path = ..;
			sourceTree = "<group>";
		};
/* End PBXGroup section */

/* Begin PBXNativeTarget section */
		213EA09A25878F8500AEB68F /* Weather */ = {
			isa = PBXNativeTarget;
			buildConfigurationList = 213EA0C525878F8A00AEB68F /* Build configuration list for PBXNativeTarget "Weather" */;
			buildPhases = (
				213EA09725878F8500AEB68F /* Sources */,
				213EA09825878F8500AEB68F /* Frameworks */,
				213EA09925878F8500AEB68F /* Resources */,
			);
			buildRules = (
			);
			dependencies = (
			);
			name = Weather;
			productName = Weather;
			productReference = 213EA09B25878F8500AEB68F /* Weather.app */;
			productType = "com.apple.product-type.application";
		};
		213EA0B025878F8A00AEB68F /* WeatherTests */ = {
			isa = PBXNativeTarget;
			buildConfigurationList = 213EA0C825878F8A00AEB68F /* Build configuration list for PBXNativeTarget "WeatherTests" */;
			buildPhases = (
				213EA0AD25878F8A00AEB68F /* Sources */,
				213EA0AE25878F8A00AEB68F /* Frameworks */,
				213EA0AF25878F8A00AEB68F /* Resources */,
			);
			buildRules = (
			);
			dependencies = (
				213EA0B325878F8A00AEB68F /* PBXTargetDependency */,
			);
			name = WeatherTests;
			productName = WeatherTests;
			productReference = 213EA0B125878F8A00AEB68F /* WeatherTests.xctest */;
			productType = "com.apple.product-type.bundle.unit-test";
		};
		213EA0BB25878F8A00AEB68F /* WeatherUITests */ = {
			isa = PBXNativeTarget;
			buildConfigurationList = 213EA0CB25878F8A00AEB68F /* Build configuration list for PBXNativeTarget "WeatherUITests" */;
			buildPhases = (
				213EA0B825878F8A00AEB68F /* Sources */,
				213EA0B925878F8A00AEB68F /* Frameworks */,
				213EA0BA25878F8A00AEB68F /* Resources */,
			);
			buildRules = (
			);
			dependencies = (
				213EA0BE25878F8A00AEB68F /* PBXTargetDependency */,
			);
			name = WeatherUITests;
			productName = WeatherUITests;
			productReference = 213EA0BC25878F8A00AEB68F /* WeatherUITests.xctest */;
			productType = "com.apple.product-type.bundle.ui-testing";
		};
/* End PBXNativeTarget section */

/* Begin PBXProject section */
		213EA09325878F8500AEB68F /* Project object */ = {
			isa = PBXProject;
			attributes = {
				LastSwiftUpdateCheck = 1220;
				LastUpgradeCheck = 1220;
				TargetAttributes = {
					213EA09A25878F8500AEB68F = {
						CreatedOnToolsVersion = 12.2;
					};
					213EA0B025878F8A00AEB68F = {
						CreatedOnToolsVersion = 12.2;
						TestTargetID = 213EA09A25878F8500AEB68F;
					};
					213EA0BB25878F8A00AEB68F = {
						CreatedOnToolsVersion = 12.2;
						TestTargetID = 213EA09A25878F8500AEB68F;
					};
				};
			};
			buildConfigurationList = 213EA09625878F8500AEB68F /* Build configuration list for PBXProject "Weather" */;
			compatibilityVersion = "Xcode 9.3";
			developmentRegion = en;
			hasScannedForEncodings = 0;
			knownRegions = (
				en,
				Base,
			);
			mainGroup = 213EA09225878F8500AEB68F;
			productRefGroup = 213EA09C25878F8500AEB68F /* Products */;
			projectDirPath = "";
			projectRoot = "";
			targets = (
				213EA09A25878F8500AEB68F /* Weather */,
				213EA0B025878F8A00AEB68F /* WeatherTests */,
				213EA0BB25878F8A00AEB68F /* WeatherUITests */,
			);
		};
/* End PBXProject section */

/* Begin PBXResourcesBuildPhase section */
		213EA09925878F8500AEB68F /* Resources */ = {
			isa = PBXResourcesBuildPhase;
			buildActionMask = 2147483647;
			files = (
				213EA0E22587A51700AEB68F /* AppIcon.png in Resources */,
				213EA0D22587A22100AEB68F /* country.json in Resources */,
				213EA0AB25878F8900AEB68F /* LaunchScreen.storyboard in Resources */,
				21D3370E2589350200DD8D0E /* country-cities.json in Resources */,
				213EA0A825878F8900AEB68F /* Assets.xcassets in Resources */,
				213EA0A625878F8500AEB68F /* Main.storyboard in Resources */,
			);
			runOnlyForDeploymentPostprocessing = 0;
		};
		213EA0AF25878F8A00AEB68F /* Resources */ = {
			isa = PBXResourcesBuildPhase;
			buildActionMask = 2147483647;
			files = (
			);
			runOnlyForDeploymentPostprocessing = 0;
		};
		213EA0BA25878F8A00AEB68F /* Resources */ = {
			isa = PBXResourcesBuildPhase;
			buildActionMask = 2147483647;
			files = (
			);
			runOnlyForDeploymentPostprocessing = 0;
		};
/* End PBXResourcesBuildPhase section */

/* Begin PBXSourcesBuildPhase section */
		213EA09725878F8500AEB68F /* Sources */ = {
			isa = PBXSourcesBuildPhase;
			buildActionMask = 2147483647;
			files = (
				213EA0DA2587A3D700AEB68F /* Country.swift in Sources */,
				213EA0A325878F8500AEB68F /* ViewController.swift in Sources */,
				213EA09F25878F8500AEB68F /* AppDelegate.swift in Sources */,
				213EA0A125878F8500AEB68F /* SceneDelegate.swift in Sources */,
			);
			runOnlyForDeploymentPostprocessing = 0;
		};
		213EA0AD25878F8A00AEB68F /* Sources */ = {
			isa = PBXSourcesBuildPhase;
			buildActionMask = 2147483647;
			files = (
				213EA0B625878F8A00AEB68F /* WeatherTests.swift in Sources */,
			);
			runOnlyForDeploymentPostprocessing = 0;
		};
		213EA0B825878F8A00AEB68F /* Sources */ = {
			isa = PBXSourcesBuildPhase;
			buildActionMask = 2147483647;
			files = (
				213EA0C125878F8A00AEB68F /* WeatherUITests.swift in Sources */,
			);
			runOnlyForDeploymentPostprocessing = 0;
		};
/* End PBXSourcesBuildPhase section */

/* Begin PBXTargetDependency section */
		213EA0B325878F8A00AEB68F /* PBXTargetDependency */ = {
			isa = PBXTargetDependency;
			target = 213EA09A25878F8500AEB68F /* Weather */;
			targetProxy = 213EA0B225878F8A00AEB68F /* PBXContainerItemProxy */;
		};
		213EA0BE25878F8A00AEB68F /* PBXTargetDependency */ = {
			isa = PBXTargetDependency;
			target = 213EA09A25878F8500AEB68F /* Weather */;
			targetProxy = 213EA0BD25878F8A00AEB68F /* PBXContainerItemProxy */;
		};
/* End PBXTargetDependency section */

/* Begin PBXVariantGroup section */
		213EA0A425878F8500AEB68F /* Main.storyboard */ = {
			isa = PBXVariantGroup;
			children = (
				213EA0A525878F8500AEB68F /* Base */,
			);
			name = Main.storyboard;
			sourceTree = "<group>";
		};
		213EA0A925878F8900AEB68F /* LaunchScreen.storyboard */ = {
			isa = PBXVariantGroup;
			children = (
				213EA0AA25878F8900AEB68F /* Base */,
			);
			name = LaunchScreen.storyboard;
			sourceTree = "<group>";
		};
/* End PBXVariantGroup section */

/* Begin XCBuildConfiguration section */
		213EA0C325878F8A00AEB68F /* Debug */ = {
			isa = XCBuildConfiguration;
			buildSettings = {
				ALWAYS_SEARCH_USER_PATHS = NO;
				CLANG_ANALYZER_NONNULL = YES;
				CLANG_ANALYZER_NUMBER_OBJECT_CONVERSION = YES_AGGRESSIVE;
				CLANG_CXX_LANGUAGE_STANDARD = "gnu++14";
				CLANG_CXX_LIBRARY = "libc++";
				CLANG_ENABLE_MODULES = YES;
				CLANG_ENABLE_OBJC_ARC = YES;
				CLANG_ENABLE_OBJC_WEAK = YES;
				CLANG_WARN_BLOCK_CAPTURE_AUTORELEASING = YES;
				CLANG_WARN_BOOL_CONVERSION = YES;
				CLANG_WARN_COMMA = YES;
				CLANG_WARN_CONSTANT_CONVERSION = YES;
				CLANG_WARN_DEPRECATED_OBJC_IMPLEMENTATIONS = YES;
				CLANG_WARN_DIRECT_OBJC_ISA_USAGE = YES_ERROR;
				CLANG_WARN_DOCUMENTATION_COMMENTS = YES;
				CLANG_WARN_EMPTY_BODY = YES;
				CLANG_WARN_ENUM_CONVERSION = YES;
				CLANG_WARN_INFINITE_RECURSION = YES;
				CLANG_WARN_INT_CONVERSION = YES;
				CLANG_WARN_NON_LITERAL_NULL_CONVERSION = YES;
				CLANG_WARN_OBJC_IMPLICIT_RETAIN_SELF = YES;
				CLANG_WARN_OBJC_LITERAL_CONVERSION = YES;
				CLANG_WARN_OBJC_ROOT_CLASS = YES_ERROR;
				CLANG_WARN_QUOTED_INCLUDE_IN_FRAMEWORK_HEADER = YES;
				CLANG_WARN_RANGE_LOOP_ANALYSIS = YES;
				CLANG_WARN_STRICT_PROTOTYPES = YES;
				CLANG_WARN_SUSPICIOUS_MOVE = YES;
				CLANG_WARN_UNGUARDED_AVAILABILITY = YES_AGGRESSIVE;
				CLANG_WARN_UNREACHABLE_CODE = YES;
				CLANG_WARN__DUPLICATE_METHOD_MATCH = YES;
				COPY_PHASE_STRIP = NO;
				DEBUG_INFORMATION_FORMAT = dwarf;
				ENABLE_STRICT_OBJC_MSGSEND = YES;
				ENABLE_TESTABILITY = YES;
				GCC_C_LANGUAGE_STANDARD = gnu11;
				GCC_DYNAMIC_NO_PIC = NO;
				GCC_NO_COMMON_BLOCKS = YES;
				GCC_OPTIMIZATION_LEVEL = 0;
				GCC_PREPROCESSOR_DEFINITIONS = (
					"DEBUG=1",
					"$(inherited)",
				);
				GCC_WARN_64_TO_32_BIT_CONVERSION = YES;
				GCC_WARN_ABOUT_RETURN_TYPE = YES_ERROR;
				GCC_WARN_UNDECLARED_SELECTOR = YES;
				GCC_WARN_UNINITIALIZED_AUTOS = YES_AGGRESSIVE;
				GCC_WARN_UNUSED_FUNCTION = YES;
				GCC_WARN_UNUSED_VARIABLE = YES;
				IPHONEOS_DEPLOYMENT_TARGET = 14.2;
				MTL_ENABLE_DEBUG_INFO = INCLUDE_SOURCE;
				MTL_FAST_MATH = YES;
				ONLY_ACTIVE_ARCH = YES;
				SDKROOT = iphoneos;
				SWIFT_ACTIVE_COMPILATION_CONDITIONS = DEBUG;
				SWIFT_OPTIMIZATION_LEVEL = "-Onone";
			};
			name = Debug;
		};
		213EA0C425878F8A00AEB68F /* Release */ = {
			isa = XCBuildConfiguration;
			buildSettings = {
				ALWAYS_SEARCH_USER_PATHS = NO;
				CLANG_ANALYZER_NONNULL = YES;
				CLANG_ANALYZER_NUMBER_OBJECT_CONVERSION = YES_AGGRESSIVE;
				CLANG_CXX_LANGUAGE_STANDARD = "gnu++14";
				CLANG_CXX_LIBRARY = "libc++";
				CLANG_ENABLE_MODULES = YES;
				CLANG_ENABLE_OBJC_ARC = YES;
				CLANG_ENABLE_OBJC_WEAK = YES;
				CLANG_WARN_BLOCK_CAPTURE_AUTORELEASING = YES;
				CLANG_WARN_BOOL_CONVERSION = YES;
				CLANG_WARN_COMMA = YES;
				CLANG_WARN_CONSTANT_CONVERSION = YES;
				CLANG_WARN_DEPRECATED_OBJC_IMPLEMENTATIONS = YES;
				CLANG_WARN_DIRECT_OBJC_ISA_USAGE = YES_ERROR;
				CLANG_WARN_DOCUMENTATION_COMMENTS = YES;
				CLANG_WARN_EMPTY_BODY = YES;
				CLANG_WARN_ENUM_CONVERSION = YES;
				CLANG_WARN_INFINITE_RECURSION = YES;
				CLANG_WARN_INT_CONVERSION = YES;
				CLANG_WARN_NON_LITERAL_NULL_CONVERSION = YES;
				CLANG_WARN_OBJC_IMPLICIT_RETAIN_SELF = YES;
				CLANG_WARN_OBJC_LITERAL_CONVERSION = YES;
				CLANG_WARN_OBJC_ROOT_CLASS = YES_ERROR;
				CLANG_WARN_QUOTED_INCLUDE_IN_FRAMEWORK_HEADER = YES;
				CLANG_WARN_RANGE_LOOP_ANALYSIS = YES;
				CLANG_WARN_STRICT_PROTOTYPES = YES;
				CLANG_WARN_SUSPICIOUS_MOVE = YES;
				CLANG_WARN_UNGUARDED_AVAILABILITY = YES_AGGRESSIVE;
				CLANG_WARN_UNREACHABLE_CODE = YES;
				CLANG_WARN__DUPLICATE_METHOD_MATCH = YES;
				COPY_PHASE_STRIP = NO;
				DEBUG_INFORMATION_FORMAT = "dwarf-with-dsym";
				ENABLE_NS_ASSERTIONS = NO;
				ENABLE_STRICT_OBJC_MSGSEND = YES;
				GCC_C_LANGUAGE_STANDARD = gnu11;
				GCC_NO_COMMON_BLOCKS = YES;
				GCC_WARN_64_TO_32_BIT_CONVERSION = YES;
				GCC_WARN_ABOUT_RETURN_TYPE = YES_ERROR;
				GCC_WARN_UNDECLARED_SELECTOR = YES;
				GCC_WARN_UNINITIALIZED_AUTOS = YES_AGGRESSIVE;
				GCC_WARN_UNUSED_FUNCTION = YES;
				GCC_WARN_UNUSED_VARIABLE = YES;
				IPHONEOS_DEPLOYMENT_TARGET = 14.2;
				MTL_ENABLE_DEBUG_INFO = NO;
				MTL_FAST_MATH = YES;
				SDKROOT = iphoneos;
				SWIFT_COMPILATION_MODE = wholemodule;
				SWIFT_OPTIMIZATION_LEVEL = "-O";
				VALIDATE_PRODUCT = YES;
			};
			name = Release;
		};
		213EA0C625878F8A00AEB68F /* Debug */ = {
			isa = XCBuildConfiguration;
			buildSettings = {
				ASSETCATALOG_COMPILER_GLOBAL_ACCENT_COLOR_NAME = AccentColor;
				CODE_SIGN_STYLE = Automatic;
				DEVELOPMENT_TEAM = 4RSQQ96426;
				INFOPLIST_FILE = Weather/Info.plist;
				LD_RUNPATH_SEARCH_PATHS = (
					"$(inherited)",
					"@executable_path/Frameworks",
				);
				PRODUCT_BUNDLE_IDENTIFIER = com.yelizkececi.Weather;
				PRODUCT_NAME = "$(TARGET_NAME)";
				SWIFT_VERSION = 5.0;
				TARGETED_DEVICE_FAMILY = "1,2";
			};
			name = Debug;
		};
		213EA0C725878F8A00AEB68F /* Release */ = {
			isa = XCBuildConfiguration;
			buildSettings = {
				ASSETCATALOG_COMPILER_GLOBAL_ACCENT_COLOR_NAME = AccentColor;
				CODE_SIGN_STYLE = Automatic;
				DEVELOPMENT_TEAM = 4RSQQ96426;
				INFOPLIST_FILE = Weather/Info.plist;
				LD_RUNPATH_SEARCH_PATHS = (
					"$(inherited)",
					"@executable_path/Frameworks",
				);
				PRODUCT_BUNDLE_IDENTIFIER = com.yelizkececi.Weather;
				PRODUCT_NAME = "$(TARGET_NAME)";
				SWIFT_VERSION = 5.0;
				TARGETED_DEVICE_FAMILY = "1,2";
			};
			name = Release;
		};
		213EA0C925878F8A00AEB68F /* Debug */ = {
			isa = XCBuildConfiguration;
			buildSettings = {
				ALWAYS_EMBED_SWIFT_STANDARD_LIBRARIES = YES;
				BUNDLE_LOADER = "$(TEST_HOST)";
				CODE_SIGN_STYLE = Automatic;
				DEVELOPMENT_TEAM = 4RSQQ96426;
				INFOPLIST_FILE = WeatherTests/Info.plist;
				IPHONEOS_DEPLOYMENT_TARGET = 14.2;
				LD_RUNPATH_SEARCH_PATHS = (
					"$(inherited)",
					"@executable_path/Frameworks",
					"@loader_path/Frameworks",
				);
				PRODUCT_BUNDLE_IDENTIFIER = com.yelizkececi.WeatherTests;
				PRODUCT_NAME = "$(TARGET_NAME)";
				SWIFT_VERSION = 5.0;
				TARGETED_DEVICE_FAMILY = "1,2";
				TEST_HOST = "$(BUILT_PRODUCTS_DIR)/Weather.app/Weather";
			};
			name = Debug;
		};
		213EA0CA25878F8A00AEB68F /* Release */ = {
			isa = XCBuildConfiguration;
			buildSettings = {
				ALWAYS_EMBED_SWIFT_STANDARD_LIBRARIES = YES;
				BUNDLE_LOADER = "$(TEST_HOST)";
				CODE_SIGN_STYLE = Automatic;
				DEVELOPMENT_TEAM = 4RSQQ96426;
				INFOPLIST_FILE = WeatherTests/Info.plist;
				IPHONEOS_DEPLOYMENT_TARGET = 14.2;
				LD_RUNPATH_SEARCH_PATHS = (
					"$(inherited)",
					"@executable_path/Frameworks",
					"@loader_path/Frameworks",
				);
				PRODUCT_BUNDLE_IDENTIFIER = com.yelizkececi.WeatherTests;
				PRODUCT_NAME = "$(TARGET_NAME)";
				SWIFT_VERSION = 5.0;
				TARGETED_DEVICE_FAMILY = "1,2";
				TEST_HOST = "$(BUILT_PRODUCTS_DIR)/Weather.app/Weather";
			};
			name = Release;
		};
		213EA0CC25878F8A00AEB68F /* Debug */ = {
			isa = XCBuildConfiguration;
			buildSettings = {
				ALWAYS_EMBED_SWIFT_STANDARD_LIBRARIES = YES;
				CODE_SIGN_STYLE = Automatic;
				DEVELOPMENT_TEAM = 4RSQQ96426;
				INFOPLIST_FILE = WeatherUITests/Info.plist;
				LD_RUNPATH_SEARCH_PATHS = (
					"$(inherited)",
					"@executable_path/Frameworks",
					"@loader_path/Frameworks",
				);
				PRODUCT_BUNDLE_IDENTIFIER = com.yelizkececi.WeatherUITests;
				PRODUCT_NAME = "$(TARGET_NAME)";
				SWIFT_VERSION = 5.0;
				TARGETED_DEVICE_FAMILY = "1,2";
				TEST_TARGET_NAME = Weather;
			};
			name = Debug;
		};
		213EA0CD25878F8A00AEB68F /* Release */ = {
			isa = XCBuildConfiguration;
			buildSettings = {
				ALWAYS_EMBED_SWIFT_STANDARD_LIBRARIES = YES;
				CODE_SIGN_STYLE = Automatic;
				DEVELOPMENT_TEAM = 4RSQQ96426;
				INFOPLIST_FILE = WeatherUITests/Info.plist;
				LD_RUNPATH_SEARCH_PATHS = (
					"$(inherited)",
					"@executable_path/Frameworks",
					"@loader_path/Frameworks",
				);
				PRODUCT_BUNDLE_IDENTIFIER = com.yelizkececi.WeatherUITests;
				PRODUCT_NAME = "$(TARGET_NAME)";
				SWIFT_VERSION = 5.0;
				TARGETED_DEVICE_FAMILY = "1,2";
				TEST_TARGET_NAME = Weather;
			};
			name = Release;
		};
/* End XCBuildConfiguration section */

/* Begin XCConfigurationList section */
		213EA09625878F8500AEB68F /* Build configuration list for PBXProject "Weather" */ = {
			isa = XCConfigurationList;
			buildConfigurations = (
				213EA0C325878F8A00AEB68F /* Debug */,
				213EA0C425878F8A00AEB68F /* Release */,
			);
			defaultConfigurationIsVisible = 0;
			defaultConfigurationName = Release;
		};
		213EA0C525878F8A00AEB68F /* Build configuration list for PBXNativeTarget "Weather" */ = {
			isa = XCConfigurationList;
			buildConfigurations = (
				213EA0C625878F8A00AEB68F /* Debug */,
				213EA0C725878F8A00AEB68F /* Release */,
			);
			defaultConfigurationIsVisible = 0;
			defaultConfigurationName = Release;
		};
		213EA0C825878F8A00AEB68F /* Build configuration list for PBXNativeTarget "WeatherTests" */ = {
			isa = XCConfigurationList;
			buildConfigurations = (
				213EA0C925878F8A00AEB68F /* Debug */,
				213EA0CA25878F8A00AEB68F /* Release */,
			);
			defaultConfigurationIsVisible = 0;
			defaultConfigurationName = Release;
		};
		213EA0CB25878F8A00AEB68F /* Build configuration list for PBXNativeTarget "WeatherUITests" */ = {
			isa = XCConfigurationList;
			buildConfigurations = (
				213EA0CC25878F8A00AEB68F /* Debug */,
				213EA0CD25878F8A00AEB68F /* Release */,
			);
			defaultConfigurationIsVisible = 0;
			defaultConfigurationName = Release;
		};
/* End XCConfigurationList section */
	};
	rootObject = 213EA09325878F8500AEB68F /* Project object */;
}
